<?xml version="1.0" encoding="utf-8"?>
<Project ToolsVersion="4.0" xmlns="http://schemas.microsoft.com/developer/msbuild/2003">
  <ItemGroup>
    <Filter Include="Source Files">
      <UniqueIdentifier>{4FC737F1-C7A5-4376-A066-2A32D752A2FF}</UniqueIdentifier>
      <Extensions>cpp;c;cc;cxx;def;odl;idl;hpj;bat;asm;asmx</Extensions>
    </Filter>
    <Filter Include="Header Files">
      <UniqueIdentifier>{93995380-89BD-4b04-88EB-625FBE52EBFB}</UniqueIdentifier>
      <Extensions>h;hh;hpp;hxx;hm;inl;inc;xsd</Extensions>
    </Filter>
    <Filter Include="Resource Files">
      <UniqueIdentifier>{67DA6AB6-F800-4c08-8B7A-83BB121AAD01}</UniqueIdentifier>
      <Extensions>rc;ico;cur;bmp;dlg;rc2;rct;bin;rgs;gif;jpg;jpeg;jpe;resx;tiff;tif;png;wav;mfcribbon-ms</Extensions>
    </Filter>
    <Filter Include="Shaders">
      <UniqueIdentifier>{9158952c-039a-45d1-9a8a-15acdc503c28}</UniqueIdentifier>
    </Filter>
    <Filter Include="Header Files\Behaviors">
      <UniqueIdentifier>{f22839af-1c53-4ce9-8770-a47d6742dd59}</UniqueIdentifier>
    </Filter>
    <Filter Include="Header Files\RenderingEngineOpenGL">
      <UniqueIdentifier>{bb9659d7-303c-40a1-bdf3-1977245a3f6a}</UniqueIdentifier>
    </Filter>
    <Filter Include="Header Files\Prefabs">
      <UniqueIdentifier>{4b7e66e2-23b1-4447-95de-2df2e7a83194}</UniqueIdentifier>
    </Filter>
    <Filter Include="Header Files\Model Primitives">
      <UniqueIdentifier>{9c31f5b7-3d27-47d4-b70c-1879ac2c65b3}</UniqueIdentifier>
    </Filter>
  </ItemGroup>
  <ItemGroup>
    <ClCompile Include="main.cpp">
      <Filter>Source Files</Filter>
    </ClCompile>
    <ClCompile Include="..\..\..\OpenGL Extension ESSENTIAL\OpenGl Library\src\glad.c">
      <Filter>Source Files</Filter>
    </ClCompile>
    <ClCompile Include="mainBackup.cpp">
      <Filter>Source Files</Filter>
    </ClCompile>
  </ItemGroup>
  <ItemGroup>
    <ClInclude Include="RenderingEngineOpenGL\GLmatrixTransform.h">
      <Filter>Header Files\RenderingEngineOpenGL</Filter>
    </ClInclude>
    <ClInclude Include="RenderingEngineOpenGL\GLmesh.h">
      <Filter>Header Files\RenderingEngineOpenGL</Filter>
    </ClInclude>
    <ClInclude Include="RenderingEngineOpenGL\GLmodel.h">
      <Filter>Header Files\RenderingEngineOpenGL</Filter>
    </ClInclude>
    <ClInclude Include="RenderingEngineOpenGL\GLobj.h">
      <Filter>Header Files\RenderingEngineOpenGL</Filter>
    </ClInclude>
    <ClInclude Include="RenderingEngineOpenGL\GLshader.h">
      <Filter>Header Files\RenderingEngineOpenGL</Filter>
    </ClInclude>
    <ClInclude Include="RenderingEngineOpenGL\GLutils.h">
      <Filter>Header Files\RenderingEngineOpenGL</Filter>
    </ClInclude>
    <ClInclude Include="RenderingEngineOpenGL\GLbehavior.h">
      <Filter>Header Files\RenderingEngineOpenGL</Filter>
    </ClInclude>
    <ClInclude Include="RenderingEngineOpenGL\GLcamera.h">
      <Filter>Header Files\RenderingEngineOpenGL</Filter>
    </ClInclude>
    <ClInclude Include="RenderingEngineOpenGL\GLlight.h">
      <Filter>Header Files\RenderingEngineOpenGL</Filter>
    </ClInclude>
    <ClInclude Include="global.h">
      <Filter>Header Files</Filter>
    </ClInclude>
    <ClInclude Include="afx_config.h">
      <Filter>Header Files</Filter>
    </ClInclude>
    <ClInclude Include="RenderingEngineOpenGL\GLfactory.h">
      <Filter>Header Files\RenderingEngineOpenGL</Filter>
    </ClInclude>
    <ClInclude Include="Prefabs\prefabs.h">
      <Filter>Header Files\Prefabs</Filter>
    </ClInclude>
    <ClInclude Include="Behaviors\behaviors.h">
      <Filter>Header Files\Behaviors</Filter>
    </ClInclude>
    <ClInclude Include="Behaviors\BehaviorBull.h">
      <Filter>Header Files\Behaviors</Filter>
    </ClInclude>
    <ClInclude Include="Behaviors\BehaviorBullSpawner.h">
      <Filter>Header Files\Behaviors</Filter>
    </ClInclude>
    <ClInclude Include="Behaviors\BehaviorLamp.h">
      <Filter>Header Files\Behaviors</Filter>
    </ClInclude>
    <ClInclude Include="Behaviors\BehaviorSpider.h">
      <Filter>Header Files\Behaviors</Filter>
    </ClInclude>
    <ClInclude Include="Prefabs\PrefabBull.h">
      <Filter>Header Files\Prefabs</Filter>
    </ClInclude>
    <ClInclude Include="RenderingEngineOpenGL\GLbase.h">
      <Filter>Header Files\RenderingEngineOpenGL</Filter>
    </ClInclude>
    <ClInclude Include="RenderingEngineOpenGL\GLrenderer.h">
      <Filter>Header Files\RenderingEngineOpenGL</Filter>
    </ClInclude>
    <ClInclude Include="Prefabs\PrefabLamp.h">
      <Filter>Header Files\Prefabs</Filter>
    </ClInclude>
    <ClInclude Include="Prefabs\PrefabBullSpawner.h">
      <Filter>Header Files\Prefabs</Filter>
    </ClInclude>
    <ClInclude Include="Prefabs\PrefabSpider.h">
      <Filter>Header Files\Prefabs</Filter>
    </ClInclude>
    <ClInclude Include="Model Primitives\ModelBox.h">
      <Filter>Header Files\Model Primitives</Filter>
    </ClInclude>
    <ClInclude Include="Prefabs\PrefabBox.h">
      <Filter>Header Files\Prefabs</Filter>
    </ClInclude>
    <ClInclude Include="GLshadow.h">
      <Filter>Header Files\RenderingEngineOpenGL</Filter>
    </ClInclude>
    <ClInclude Include="Model Primitives\ModelSkybox.h">
      <Filter>Header Files\Model Primitives</Filter>
    </ClInclude>
    <ClInclude Include="Model Primitives\ModelGround.h">
      <Filter>Header Files\Model Primitives</Filter>
    </ClInclude>
    <ClInclude Include="Prefabs\PrefabGround.h">
      <Filter>Header Files\Prefabs</Filter>
    </ClInclude>
    <ClInclude Include="Behaviors\BehaviorGround.h">
      <Filter>Header Files\Behaviors</Filter>
    </ClInclude>
    <ClInclude Include="Prefabs\PrefabSkybox.h">
      <Filter>Header Files\Prefabs</Filter>
    </ClInclude>
  </ItemGroup>
  <ItemGroup>
    <None Include="Shaders\shader0.fs">
      <Filter>Shaders</Filter>
    </None>
    <None Include="Shaders\shader0.vs">
      <Filter>Shaders</Filter>
    </None>
    <None Include="Shaders\shader1.fs">
      <Filter>Shaders</Filter>
    </None>
    <None Include="Shaders\shader1.vs">
      <Filter>Shaders</Filter>
    </None>
    <None Include="Shaders\shaderLamp.vs">
      <Filter>Shaders</Filter>
    </None>
    <None Include="Shaders\shaderLamp.fs">
      <Filter>Shaders</Filter>
    </None>
    <None Include="Shaders\shaderMonoColor0.vs">
      <Filter>Shaders</Filter>
    </None>
    <None Include="Shaders\shaderMonoColor0.fs">
      <Filter>Shaders</Filter>
    </None>
    <None Include="Shaders\shaderMonoColor1.fs">
      <Filter>Shaders</Filter>
    </None>
    <None Include="Shaders\shaderMonoColor1.vs">
      <Filter>Shaders</Filter>
    </None>
    <None Include="Shaders\shaderFramebuffer.fs">
      <Filter>Shaders</Filter>
    </None>
    <None Include="Shaders\shaderFramebuffer.vs">
      <Filter>Shaders</Filter>
    </None>
  </ItemGroup>
</Project>